hash: 0cc5d34c99e350a505b418a302d711b196b506e9b2d1ce236ad514fb97779d36
updated: 2018-02-01T21:35:28.511708-07:00
imports:
- name: github.com/gorilla/context
  version: 08b5f424b9271eedf6f9f0ce86cb9396ed337a42
- name: github.com/gorilla/handlers
  version: 90663712d74cb411cbef281bc1e08c19d1a76145
- name: github.com/gorilla/mux
  version: c0091a029979286890368b4c7b301261e448e242
- name: github.com/Sirupsen/logrus
  version: 768a92a02685ee7535069fc1581341b41bab9b72
- name: golang.org/x/crypto
  version: 1875d0a70c90e57f11972aefd42276df65e895b9
  subpackages:
  - ssh/terminal
- name: golang.org/x/sys
  version: 8f27ce8a604014414f8dfffc25cbcde83a3f2216
  subpackages:
  - unix
  - windows
testImports: []
