hash: b774f2ab03d363fc042b17a4dfe1c590495ba7d08b8408062a85c9aff50b7f07
updated: 2018-03-14T17:14:52.310452-07:00
imports:
- name: github.com/gorilla/context
  version: 08b5f424b9271eedf6f9f0ce86cb9396ed337a42
- name: github.com/gorilla/mux
  version: 4dbd923b0c9e99ff63ad54b0e9705ff92d3cdb06
- name: github.com/sirupsen/logrus
  version: c155da19408a8799da419ed3eeb0cb5db0ad5dbc
- name: golang.org/x/crypto
  version: 21652f85b0fdddb6c2b6b77a5beca5c5a908174a
  subpackages:
  - acme
  - acme/autocert
  - ssh/terminal
- name: golang.org/x/sys
  version: 89ac7f292d17a339edab4de8efcba5d8672ff661
  subpackages:
  - unix
  - windows
testImports: []
